
Microsoft Visual Studio Solution File, Format Version 12.00
# Visual Studio Version 17
VisualStudioVersion = 17.5.33414.496
MinimumVisualStudioVersion = 10.0.40219.1
Project("{FAE04EC0-301F-11D3-BF4B-00C04F79EFBC}") = "Vidly", "Vidly\Vidly.csproj", "{7B8D2259-FA30-4147-AA6A-3A53CB6F8B34}"
EndProject
Global
	GlobalSection(SolutionConfigurationPlatforms) = preSolution
		Debug|Any CPU = Debug|Any CPU
		Release|Any CPU = Release|Any CPU
	EndGlobalSection
	GlobalSection(ProjectConfigurationPlatforms) = postSolution
		{7B8D2259-FA30-4147-AA6A-3A53CB6F8B34}.Debug|Any CPU.ActiveCfg = Debug|Any CPU
		{7B8D2259-FA30-4147-AA6A-3A53CB6F8B34}.Debug|Any CPU.Build.0 = Debug|Any CPU
		{7B8D2259-FA30-4147-AA6A-3A53CB6F8B34}.Release|Any CPU.ActiveCfg = Release|Any CPU
		{7B8D2259-FA30-4147-AA6A-3A53CB6F8B34}.Release|Any CPU.Build.0 = Release|Any CPU
	EndGlobalSection
	GlobalSection(SolutionProperties) = preSolution
		HideSolutionNode = FALSE
	EndGlobalSection
	GlobalSection(ExtensibilityGlobals) = postSolution
		SolutionGuid = {0C5923AD-1007-4C66-9D3A-4309D0664C10}
	EndGlobalSection
EndGlobal
